
Microsoft Visual Studio Solution File, Format Version 12.00
# Visual Studio Version 17
VisualStudioVersion = 17.14.36915.13
MinimumVisualStudioVersion = 10.0.40219.1
Project("{FAE04EC0-301F-11D3-BF4B-00C04F79EFBC}") = "HueResolve.Models", "HueResolve.Models\HueResolve.Models.csproj", "{C1857B59-0428-42AD-8179-4A43E080B1CF}"
EndProject
Project("{FAE04EC0-301F-11D3-BF4B-00C04F79EFBC}") = "HueResolve.Data", "HueResolve.Data\HueResolve.Data.csproj", "{6C99EC81-D9F1-436F-B9F7-BD4138F81956}"
EndProject
Project("{FAE04EC0-301F-11D3-BF4B-00C04F79EFBC}") = "HueResolve.Business", "HueResolve.Business\HueResolve.Business.csproj", "{A7038A05-0398-479C-953D-330DCDEBD4A7}"
EndProject
Project("{2150E333-8FDC-42A3-9474-1A3956D46DE8}") = "Core", "Core", "{02EA681E-C7D8-13C7-8484-4AC65E1B71E8}"
EndProject
Project("{FAE04EC0-301F-11D3-BF4B-00C04F79EFBC}") = "HueResolve.Custommer", "HueResolve.Customer\HueResolve.Custommer.csproj", "{90FBFCA0-E034-4C1E-8FAB-2BC79AB412DA}"
EndProject
Project("{FAE04EC0-301F-11D3-BF4B-00C04F79EFBC}") = "HueResolve.Admin", "HueResolve.Admin\HueResolve.Admin.csproj", "{75B93AC1-BA30-4C22-99CA-DAB63987BA28}"
EndProject
Project("{FAE04EC0-301F-11D3-BF4B-00C04F79EFBC}") = "HueResolve.Handler", "HueResolve.Handler\HueResolve.Handler.csproj", "{92F76B8F-019E-4F31-8601-931014D6DC42}"
EndProject
Project("{2150E333-8FDC-42A3-9474-1A3956D46DE8}") = "Frontends", "Frontends", "{8E6ACE9A-F932-46F3-8F3F-F22C897BECB8}"
EndProject
Project("{2150E333-8FDC-42A3-9474-1A3956D46DE8}") = "Backend", "Backend", "{9091850A-FBB2-4C16-BB77-7156B2358203}"
EndProject
Project("{FAE04EC0-301F-11D3-BF4B-00C04F79EFBC}") = "HueResolve.API", "HueResolve.API\HueResolve.API.csproj", "{9E9A582A-24E5-40AA-B07C-5DADD01DEB51}"
EndProject
Global
	GlobalSection(SolutionConfigurationPlatforms) = preSolution
		Debug|Any CPU = Debug|Any CPU
		Debug|x64 = Debug|x64
		Debug|x86 = Debug|x86
		Release|Any CPU = Release|Any CPU
		Release|x64 = Release|x64
		Release|x86 = Release|x86
	EndGlobalSection
	GlobalSection(ProjectConfigurationPlatforms) = postSolution
		{C1857B59-0428-42AD-8179-4A43E080B1CF}.Debug|Any CPU.ActiveCfg = Debug|Any CPU
		{C1857B59-0428-42AD-8179-4A43E080B1CF}.Debug|Any CPU.Build.0 = Debug|Any CPU
		{C1857B59-0428-42AD-8179-4A43E080B1CF}.Debug|x64.ActiveCfg = Debug|Any CPU
		{C1857B59-0428-42AD-8179-4A43E080B1CF}.Debug|x64.Build.0 = Debug|Any CPU
		{C1857B59-0428-42AD-8179-4A43E080B1CF}.Debug|x86.ActiveCfg = Debug|Any CPU
		{C1857B59-0428-42AD-8179-4A43E080B1CF}.Debug|x86.Build.0 = Debug|Any CPU
		{C1857B59-0428-42AD-8179-4A43E080B1CF}.Release|Any CPU.ActiveCfg = Release|Any CPU
		{C1857B59-0428-42AD-8179-4A43E080B1CF}.Release|Any CPU.Build.0 = Release|Any CPU
		{C1857B59-0428-42AD-8179-4A43E080B1CF}.Release|x64.ActiveCfg = Release|Any CPU
		{C1857B59-0428-42AD-8179-4A43E080B1CF}.Release|x64.Build.0 = Release|Any CPU
		{C1857B59-0428-42AD-8179-4A43E080B1CF}.Release|x86.ActiveCfg = Release|Any CPU
		{C1857B59-0428-42AD-8179-4A43E080B1CF}.Release|x86.Build.0 = Release|Any CPU
		{6C99EC81-D9F1-436F-B9F7-BD4138F81956}.Debug|Any CPU.ActiveCfg = Debug|Any CPU
		{6C99EC81-D9F1-436F-B9F7-BD4138F81956}.Debug|Any CPU.Build.0 = Debug|Any CPU
		{6C99EC81-D9F1-436F-B9F7-BD4138F81956}.Debug|x64.ActiveCfg = Debug|Any CPU
		{6C99EC81-D9F1-436F-B9F7-BD4138F81956}.Debug|x64.Build.0 = Debug|Any CPU
		{6C99EC81-D9F1-436F-B9F7-BD4138F81956}.Debug|x86.ActiveCfg = Debug|Any CPU
		{6C99EC81-D9F1-436F-B9F7-BD4138F81956}.Debug|x86.Build.0 = Debug|Any CPU
		{6C99EC81-D9F1-436F-B9F7-BD4138F81956}.Release|Any CPU.ActiveCfg = Release|Any CPU
		{6C99EC81-D9F1-436F-B9F7-BD4138F81956}.Release|Any CPU.Build.0 = Release|Any CPU
		{6C99EC81-D9F1-436F-B9F7-BD4138F81956}.Release|x64.ActiveCfg = Release|Any CPU
		{6C99EC81-D9F1-436F-B9F7-BD4138F81956}.Release|x64.Build.0 = Release|Any CPU
		{6C99EC81-D9F1-436F-B9F7-BD4138F81956}.Release|x86.ActiveCfg = Release|Any CPU
		{6C99EC81-D9F1-436F-B9F7-BD4138F81956}.Release|x86.Build.0 = Release|Any CPU
		{A7038A05-0398-479C-953D-330DCDEBD4A7}.Debug|Any CPU.ActiveCfg = Debug|Any CPU
		{A7038A05-0398-479C-953D-330DCDEBD4A7}.Debug|Any CPU.Build.0 = Debug|Any CPU
		{A7038A05-0398-479C-953D-330DCDEBD4A7}.Debug|x64.ActiveCfg = Debug|Any CPU
		{A7038A05-0398-479C-953D-330DCDEBD4A7}.Debug|x64.Build.0 = Debug|Any CPU
		{A7038A05-0398-479C-953D-330DCDEBD4A7}.Debug|x86.ActiveCfg = Debug|Any CPU
		{A7038A05-0398-479C-953D-330DCDEBD4A7}.Debug|x86.Build.0 = Debug|Any CPU
		{A7038A05-0398-479C-953D-330DCDEBD4A7}.Release|Any CPU.ActiveCfg = Release|Any CPU
		{A7038A05-0398-479C-953D-330DCDEBD4A7}.Release|Any CPU.Build.0 = Release|Any CPU
		{A7038A05-0398-479C-953D-330DCDEBD4A7}.Release|x64.ActiveCfg = Release|Any CPU
		{A7038A05-0398-479C-953D-330DCDEBD4A7}.Release|x64.Build.0 = Release|Any CPU
		{A7038A05-0398-479C-953D-330DCDEBD4A7}.Release|x86.ActiveCfg = Release|Any CPU
		{A7038A05-0398-479C-953D-330DCDEBD4A7}.Release|x86.Build.0 = Release|Any CPU
		{90FBFCA0-E034-4C1E-8FAB-2BC79AB412DA}.Debug|Any CPU.ActiveCfg = Debug|Any CPU
		{90FBFCA0-E034-4C1E-8FAB-2BC79AB412DA}.Debug|Any CPU.Build.0 = Debug|Any CPU
		{90FBFCA0-E034-4C1E-8FAB-2BC79AB412DA}.Debug|x64.ActiveCfg = Debug|Any CPU
		{90FBFCA0-E034-4C1E-8FAB-2BC79AB412DA}.Debug|x64.Build.0 = Debug|Any CPU
		{90FBFCA0-E034-4C1E-8FAB-2BC79AB412DA}.Debug|x86.ActiveCfg = Debug|Any CPU
		{90FBFCA0-E034-4C1E-8FAB-2BC79AB412DA}.Debug|x86.Build.0 = Debug|Any CPU
		{90FBFCA0-E034-4C1E-8FAB-2BC79AB412DA}.Release|Any CPU.ActiveCfg = Release|Any CPU
		{90FBFCA0-E034-4C1E-8FAB-2BC79AB412DA}.Release|Any CPU.Build.0 = Release|Any CPU
		{90FBFCA0-E034-4C1E-8FAB-2BC79AB412DA}.Release|x64.ActiveCfg = Release|Any CPU
		{90FBFCA0-E034-4C1E-8FAB-2BC79AB412DA}.Release|x64.Build.0 = Release|Any CPU
		{90FBFCA0-E034-4C1E-8FAB-2BC79AB412DA}.Release|x86.ActiveCfg = Release|Any CPU
		{90FBFCA0-E034-4C1E-8FAB-2BC79AB412DA}.Release|x86.Build.0 = Release|Any CPU
		{75B93AC1-BA30-4C22-99CA-DAB63987BA28}.Debug|Any CPU.ActiveCfg = Debug|Any CPU
		{75B93AC1-BA30-4C22-99CA-DAB63987BA28}.Debug|Any CPU.Build.0 = Debug|Any CPU
		{75B93AC1-BA30-4C22-99CA-DAB63987BA28}.Debug|x64.ActiveCfg = Debug|Any CPU
		{75B93AC1-BA30-4C22-99CA-DAB63987BA28}.Debug|x64.Build.0 = Debug|Any CPU
		{75B93AC1-BA30-4C22-99CA-DAB63987BA28}.Debug|x86.ActiveCfg = Debug|Any CPU
		{75B93AC1-BA30-4C22-99CA-DAB63987BA28}.Debug|x86.Build.0 = Debug|Any CPU
		{75B93AC1-BA30-4C22-99CA-DAB63987BA28}.Release|Any CPU.ActiveCfg = Release|Any CPU
		{75B93AC1-BA30-4C22-99CA-DAB63987BA28}.Release|Any CPU.Build.0 = Release|Any CPU
		{75B93AC1-BA30-4C22-99CA-DAB63987BA28}.Release|x64.ActiveCfg = Release|Any CPU
		{75B93AC1-BA30-4C22-99CA-DAB63987BA28}.Release|x64.Build.0 = Release|Any CPU
		{75B93AC1-BA30-4C22-99CA-DAB63987BA28}.Release|x86.ActiveCfg = Release|Any CPU
		{75B93AC1-BA30-4C22-99CA-DAB63987BA28}.Release|x86.Build.0 = Release|Any CPU
		{92F76B8F-019E-4F31-8601-931014D6DC42}.Debug|Any CPU.ActiveCfg = Debug|Any CPU
		{92F76B8F-019E-4F31-8601-931014D6DC42}.Debug|Any CPU.Build.0 = Debug|Any CPU
		{92F76B8F-019E-4F31-8601-931014D6DC42}.Debug|x64.ActiveCfg = Debug|Any CPU
		{92F76B8F-019E-4F31-8601-931014D6DC42}.Debug|x64.Build.0 = Debug|Any CPU
		{92F76B8F-019E-4F31-8601-931014D6DC42}.Debug|x86.ActiveCfg = Debug|Any CPU
		{92F76B8F-019E-4F31-8601-931014D6DC42}.Debug|x86.Build.0 = Debug|Any CPU
		{92F76B8F-019E-4F31-8601-931014D6DC42}.Release|Any CPU.ActiveCfg = Release|Any CPU
		{92F76B8F-019E-4F31-8601-931014D6DC42}.Release|Any CPU.Build.0 = Release|Any CPU
		{92F76B8F-019E-4F31-8601-931014D6DC42}.Release|x64.ActiveCfg = Release|Any CPU
		{92F76B8F-019E-4F31-8601-931014D6DC42}.Release|x64.Build.0 = Release|Any CPU
		{92F76B8F-019E-4F31-8601-931014D6DC42}.Release|x86.ActiveCfg = Release|Any CPU
		{92F76B8F-019E-4F31-8601-931014D6DC42}.Release|x86.Build.0 = Release|Any CPU
		{9E9A582A-24E5-40AA-B07C-5DADD01DEB51}.Debug|Any CPU.ActiveCfg = Debug|Any CPU
		{9E9A582A-24E5-40AA-B07C-5DADD01DEB51}.Debug|Any CPU.Build.0 = Debug|Any CPU
		{9E9A582A-24E5-40AA-B07C-5DADD01DEB51}.Debug|x64.ActiveCfg = Debug|Any CPU
		{9E9A582A-24E5-40AA-B07C-5DADD01DEB51}.Debug|x64.Build.0 = Debug|Any CPU
		{9E9A582A-24E5-40AA-B07C-5DADD01DEB51}.Debug|x86.ActiveCfg = Debug|Any CPU
		{9E9A582A-24E5-40AA-B07C-5DADD01DEB51}.Debug|x86.Build.0 = Debug|Any CPU
		{9E9A582A-24E5-40AA-B07C-5DADD01DEB51}.Release|Any CPU.ActiveCfg = Release|Any CPU
		{9E9A582A-24E5-40AA-B07C-5DADD01DEB51}.Release|Any CPU.Build.0 = Release|Any CPU
		{9E9A582A-24E5-40AA-B07C-5DADD01DEB51}.Release|x64.ActiveCfg = Release|Any CPU
		{9E9A582A-24E5-40AA-B07C-5DADD01DEB51}.Release|x64.Build.0 = Release|Any CPU
		{9E9A582A-24E5-40AA-B07C-5DADD01DEB51}.Release|x86.ActiveCfg = Release|Any CPU
		{9E9A582A-24E5-40AA-B07C-5DADD01DEB51}.Release|x86.Build.0 = Release|Any CPU
	EndGlobalSection
	GlobalSection(SolutionProperties) = preSolution
		HideSolutionNode = FALSE
	EndGlobalSection
	GlobalSection(NestedProjects) = preSolution
		{C1857B59-0428-42AD-8179-4A43E080B1CF} = {02EA681E-C7D8-13C7-8484-4AC65E1B71E8}
		{6C99EC81-D9F1-436F-B9F7-BD4138F81956} = {02EA681E-C7D8-13C7-8484-4AC65E1B71E8}
		{A7038A05-0398-479C-953D-330DCDEBD4A7} = {02EA681E-C7D8-13C7-8484-4AC65E1B71E8}
		{90FBFCA0-E034-4C1E-8FAB-2BC79AB412DA} = {8E6ACE9A-F932-46F3-8F3F-F22C897BECB8}
		{75B93AC1-BA30-4C22-99CA-DAB63987BA28} = {8E6ACE9A-F932-46F3-8F3F-F22C897BECB8}
		{92F76B8F-019E-4F31-8601-931014D6DC42} = {8E6ACE9A-F932-46F3-8F3F-F22C897BECB8}
		{9E9A582A-24E5-40AA-B07C-5DADD01DEB51} = {9091850A-FBB2-4C16-BB77-7156B2358203}
	EndGlobalSection
	GlobalSection(ExtensibilityGlobals) = postSolution
		SolutionGuid = {A0585D3B-CCF2-4B4F-971A-BBE194368F70}
	EndGlobalSection
EndGlobal
